
Microsoft Visual Studio Solution File, Format Version 12.00
# Visual Studio Version 17
VisualStudioVersion = 17.9.34622.214
MinimumVisualStudioVersion = 10.0.40219.1
Project("{FAE04EC0-301F-11D3-BF4B-00C04F79EFBC}") = "Demo", "Demo\Demo.csproj", "{D66EB316-EDC5-4CA7-BB38-F1BC24FD4B22}"
EndProject
Global
	GlobalSection(SolutionConfigurationPlatforms) = preSolution
		Debug|Any CPU = Debug|Any CPU
		Release|Any CPU = Release|Any CPU
	EndGlobalSection
	GlobalSection(ProjectConfigurationPlatforms) = postSolution
		{D66EB316-EDC5-4CA7-BB38-F1BC24FD4B22}.Debug|Any CPU.ActiveCfg = Debug|Any CPU
		{D66EB316-EDC5-4CA7-BB38-F1BC24FD4B22}.Debug|Any CPU.Build.0 = Debug|Any CPU
		{D66EB316-EDC5-4CA7-BB38-F1BC24FD4B22}.Release|Any CPU.ActiveCfg = Release|Any CPU
		{D66EB316-EDC5-4CA7-BB38-F1BC24FD4B22}.Release|Any CPU.Build.0 = Release|Any CPU
	EndGlobalSection
	GlobalSection(SolutionProperties) = preSolution
		HideSolutionNode = FALSE
	EndGlobalSection
	GlobalSection(ExtensibilityGlobals) = postSolution
		SolutionGuid = {5EDB254D-BF14-4B62-8751-38FE8A9FB187}
	EndGlobalSection
EndGlobal
